// !$*UTF8*$!
{
	archiveVersion = 1;
	classes = {
	};
	objectVersion = 50;
	objects = {

/* Begin PBXBuildFile section */
		A7942B3B270519B9E3FE3721 /* Pods_klikfilm.framework in Frameworks */ = {isa = PBXBuildFile; fileRef = 0FD9137FE8BA8CF41E1A51ED /* Pods_klikfilm.framework */; };
		AA78C15925A575E400AFB3FE /* AppDelegate.swift in Sources */ = {isa = PBXBuildFile; fileRef = AA78C15825A575E400AFB3FE /* AppDelegate.swift */; };
		AA78C15B25A575E400AFB3FE /* SceneDelegate.swift in Sources */ = {isa = PBXBuildFile; fileRef = AA78C15A25A575E400AFB3FE /* SceneDelegate.swift */; };
		AA78C15D25A575E400AFB3FE /* ViewController.swift in Sources */ = {isa = PBXBuildFile; fileRef = AA78C15C25A575E400AFB3FE /* ViewController.swift */; };
		AA78C16025A575E400AFB3FE /* Main.storyboard in Resources */ = {isa = PBXBuildFile; fileRef = AA78C15E25A575E400AFB3FE /* Main.storyboard */; };
		AA78C16225A575E500AFB3FE /* Assets.xcassets in Resources */ = {isa = PBXBuildFile; fileRef = AA78C16125A575E500AFB3FE /* Assets.xcassets */; };
		AA78C16525A575E500AFB3FE /* LaunchScreen.storyboard in Resources */ = {isa = PBXBuildFile; fileRef = AA78C16325A575E500AFB3FE /* LaunchScreen.storyboard */; };
/* End PBXBuildFile section */

/* Begin PBXFileReference section */
		05EF8FF19DD3FCC2B1189758 /* Pods-klikfilm.release.xcconfig */ = {isa = PBXFileReference; includeInIndex = 1; lastKnownFileType = text.xcconfig; name = "Pods-klikfilm.release.xcconfig"; path = "Target Support Files/Pods-klikfilm/Pods-klikfilm.release.xcconfig"; sourceTree = "<group>"; };
		0FD9137FE8BA8CF41E1A51ED /* Pods_klikfilm.framework */ = {isa = PBXFileReference; explicitFileType = wrapper.framework; includeInIndex = 0; path = Pods_klikfilm.framework; sourceTree = BUILT_PRODUCTS_DIR; };
		AA78C15525A575E400AFB3FE /* klikfilm.app */ = {isa = PBXFileReference; explicitFileType = wrapper.application; includeInIndex = 0; path = klikfilm.app; sourceTree = BUILT_PRODUCTS_DIR; };
		AA78C15825A575E400AFB3FE /* AppDelegate.swift */ = {isa = PBXFileReference; lastKnownFileType = sourcecode.swift; path = AppDelegate.swift; sourceTree = "<group>"; };
		AA78C15A25A575E400AFB3FE /* SceneDelegate.swift */ = {isa = PBXFileReference; lastKnownFileType = sourcecode.swift; path = SceneDelegate.swift; sourceTree = "<group>"; };
		AA78C15C25A575E400AFB3FE /* ViewController.swift */ = {isa = PBXFileReference; lastKnownFileType = sourcecode.swift; path = ViewController.swift; sourceTree = "<group>"; };
		AA78C15F25A575E400AFB3FE /* Base */ = {isa = PBXFileReference; lastKnownFileType = file.storyboard; name = Base; path = Base.lproj/Main.storyboard; sourceTree = "<group>"; };
		AA78C16125A575E500AFB3FE /* Assets.xcassets */ = {isa = PBXFileReference; lastKnownFileType = folder.assetcatalog; path = Assets.xcassets; sourceTree = "<group>"; };
		AA78C16425A575E500AFB3FE /* Base */ = {isa = PBXFileReference; lastKnownFileType = file.storyboard; name = Base; path = Base.lproj/LaunchScreen.storyboard; sourceTree = "<group>"; };
		AA78C16625A575E500AFB3FE /* Info.plist */ = {isa = PBXFileReference; lastKnownFileType = text.plist.xml; path = Info.plist; sourceTree = "<group>"; };
		BBD17C33A2941779CC620FED /* Pods-klikfilm.debug.xcconfig */ = {isa = PBXFileReference; includeInIndex = 1; lastKnownFileType = text.xcconfig; name = "Pods-klikfilm.debug.xcconfig"; path = "Target Support Files/Pods-klikfilm/Pods-klikfilm.debug.xcconfig"; sourceTree = "<group>"; };
/* End PBXFileReference section */

/* Begin PBXFrameworksBuildPhase section */
		AA78C15225A575E400AFB3FE /* Frameworks */ = {
			isa = PBXFrameworksBuildPhase;
			buildActionMask = 2147483647;
			files = (
				A7942B3B270519B9E3FE3721 /* Pods_klikfilm.framework in Frameworks */,
			);
			runOnlyForDeploymentPostprocessing = 0;
		};
/* End PBXFrameworksBuildPhase section */

/* Begin PBXGroup section */
		AA78C14C25A575E400AFB3FE = {
			isa = PBXGroup;
			children = (
				AA78C15725A575E400AFB3FE /* klikfilm */,
				AA78C15625A575E400AFB3FE /* Products */,
				EB6D9DBF1C394D726290CDCF /* Pods */,
				B942BD8A21089299A6D99B60 /* Frameworks */,
			);
			sourceTree = "<group>";
		};
		AA78C15625A575E400AFB3FE /* Products */ = {
			isa = PBXGroup;
			children = (
				AA78C15525A575E400AFB3FE /* klikfilm.app */,
			);
			name = Products;
			sourceTree = "<group>";
		};
		AA78C15725A575E400AFB3FE /* klikfilm */ = {
			isa = PBXGroup;
			children = (
				AA78C15825A575E400AFB3FE /* AppDelegate.swift */,
				AA78C15A25A575E400AFB3FE /* SceneDelegate.swift */,
				AA78C15C25A575E400AFB3FE /* ViewController.swift */,
				AA78C15E25A575E400AFB3FE /* Main.storyboard */,
				AA78C16125A575E500AFB3FE /* Assets.xcassets */,
				AA78C16325A575E500AFB3FE /* LaunchScreen.storyboard */,
				AA78C16625A575E500AFB3FE /* Info.plist */,
			);
			path = klikfilm;
			sourceTree = "<group>";
		};
		B942BD8A21089299A6D99B60 /* Frameworks */ = {
			isa = PBXGroup;
			children = (
				0FD9137FE8BA8CF41E1A51ED /* Pods_klikfilm.framework */,
			);
			name = Frameworks;
			sourceTree = "<group>";
		};
		EB6D9DBF1C394D726290CDCF /* Pods */ = {
			isa = PBXGroup;
			children = (
				BBD17C33A2941779CC620FED /* Pods-klikfilm.debug.xcconfig */,
				05EF8FF19DD3FCC2B1189758 /* Pods-klikfilm.release.xcconfig */,
			);
			name = Pods;
			path = Pods;
			sourceTree = "<group>";
		};
/* End PBXGroup section */

/* Begin PBXNativeTarget section */
		AA78C15425A575E400AFB3FE /* klikfilm */ = {
			isa = PBXNativeTarget;
			buildConfigurationList = AA78C16925A575E500AFB3FE /* Build configuration list for PBXNativeTarget "klikfilm" */;
			buildPhases = (
				315E51B7616CA3C6AAD970F3 /* [CP] Check Pods Manifest.lock */,
				AA78C15125A575E400AFB3FE /* Sources */,
				AA78C15225A575E400AFB3FE /* Frameworks */,
				AA78C15325A575E400AFB3FE /* Resources */,
				B178BDC84B3B10C52CC2C6D5 /* [CP] Embed Pods Frameworks */,
			);
			buildRules = (
			);
			dependencies = (
			);
			name = klikfilm;
			productName = klikfilm;
			productReference = AA78C15525A575E400AFB3FE /* klikfilm.app */;
			productType = "com.apple.product-type.application";
		};
/* End PBXNativeTarget section */

/* Begin PBXProject section */
		AA78C14D25A575E400AFB3FE /* Project object */ = {
			isa = PBXProject;
			attributes = {
				LastSwiftUpdateCheck = 1220;
				LastUpgradeCheck = 1220;
				TargetAttributes = {
					AA78C15425A575E400AFB3FE = {
						CreatedOnToolsVersion = 12.2;
					};
				};
			};
			buildConfigurationList = AA78C15025A575E400AFB3FE /* Build configuration list for PBXProject "klikfilm" */;
			compatibilityVersion = "Xcode 9.3";
			developmentRegion = en;
			hasScannedForEncodings = 0;
			knownRegions = (
				en,
				Base,
			);
			mainGroup = AA78C14C25A575E400AFB3FE;
			productRefGroup = AA78C15625A575E400AFB3FE /* Products */;
			projectDirPath = "";
			projectRoot = "";
			targets = (
				AA78C15425A575E400AFB3FE /* klikfilm */,
			);
		};
/* End PBXProject section */

/* Begin PBXResourcesBuildPhase section */
		AA78C15325A575E400AFB3FE /* Resources */ = {
			isa = PBXResourcesBuildPhase;
			buildActionMask = 2147483647;
			files = (
				AA78C16525A575E500AFB3FE /* LaunchScreen.storyboard in Resources */,
				AA78C16225A575E500AFB3FE /* Assets.xcassets in Resources */,
				AA78C16025A575E400AFB3FE /* Main.storyboard in Resources */,
			);
			runOnlyForDeploymentPostprocessing = 0;
		};
/* End PBXResourcesBuildPhase section */

/* Begin PBXShellScriptBuildPhase section */
		315E51B7616CA3C6AAD970F3 /* [CP] Check Pods Manifest.lock */ = {
			isa = PBXShellScriptBuildPhase;
			buildActionMask = 2147483647;
			files = (
			);
			inputFileListPaths = (
			);
			inputPaths = (
				"${PODS_PODFILE_DIR_PATH}/Podfile.lock",
				"${PODS_ROOT}/Manifest.lock",
			);
			name = "[CP] Check Pods Manifest.lock";
			outputFileListPaths = (
			);
			outputPaths = (
				"$(DERIVED_FILE_DIR)/Pods-klikfilm-checkManifestLockResult.txt",
			);
			runOnlyForDeploymentPostprocessing = 0;
			shellPath = /bin/sh;
			shellScript = "diff \"${PODS_PODFILE_DIR_PATH}/Podfile.lock\" \"${PODS_ROOT}/Manifest.lock\" > /dev/null\nif [ $? != 0 ] ; then\n    # print error to STDERR\n    echo \"error: The sandbox is not in sync with the Podfile.lock. Run 'pod install' or update your CocoaPods installation.\" >&2\n    exit 1\nfi\n# This output is used by Xcode 'outputs' to avoid re-running this script phase.\necho \"SUCCESS\" > \"${SCRIPT_OUTPUT_FILE_0}\"\n";
			showEnvVarsInLog = 0;
		};
		B178BDC84B3B10C52CC2C6D5 /* [CP] Embed Pods Frameworks */ = {
			isa = PBXShellScriptBuildPhase;
			buildActionMask = 2147483647;
			files = (
			);
			inputFileListPaths = (
				"${PODS_ROOT}/Target Support Files/Pods-klikfilm/Pods-klikfilm-frameworks-${CONFIGURATION}-input-files.xcfilelist",
			);
			name = "[CP] Embed Pods Frameworks";
			outputFileListPaths = (
				"${PODS_ROOT}/Target Support Files/Pods-klikfilm/Pods-klikfilm-frameworks-${CONFIGURATION}-output-files.xcfilelist",
			);
			runOnlyForDeploymentPostprocessing = 0;
			shellPath = /bin/sh;
			shellScript = "\"${PODS_ROOT}/Target Support Files/Pods-klikfilm/Pods-klikfilm-frameworks.sh\"\n";
			showEnvVarsInLog = 0;
		};
/* End PBXShellScriptBuildPhase section */

/* Begin PBXSourcesBuildPhase section */
		AA78C15125A575E400AFB3FE /* Sources */ = {
			isa = PBXSourcesBuildPhase;
			buildActionMask = 2147483647;
			files = (
				AA78C15D25A575E400AFB3FE /* ViewController.swift in Sources */,
				AA78C15925A575E400AFB3FE /* AppDelegate.swift in Sources */,
				AA78C15B25A575E400AFB3FE /* SceneDelegate.swift in Sources */,
			);
			runOnlyForDeploymentPostprocessing = 0;
		};
/* End PBXSourcesBuildPhase section */

/* Begin PBXVariantGroup section */
		AA78C15E25A575E400AFB3FE /* Main.storyboard */ = {
			isa = PBXVariantGroup;
			children = (
				AA78C15F25A575E400AFB3FE /* Base */,
			);
			name = Main.storyboard;
			sourceTree = "<group>";
		};
		AA78C16325A575E500AFB3FE /* LaunchScreen.storyboard */ = {
			isa = PBXVariantGroup;
			children = (
				AA78C16425A575E500AFB3FE /* Base */,
			);
			name = LaunchScreen.storyboard;
			sourceTree = "<group>";
		};
/* End PBXVariantGroup section */

/* Begin XCBuildConfiguration section */
		AA78C16725A575E500AFB3FE /* Debug */ = {
			isa = XCBuildConfiguration;
			buildSettings = {
				ALWAYS_SEARCH_USER_PATHS = NO;
				CLANG_ANALYZER_NONNULL = YES;
				CLANG_ANALYZER_NUMBER_OBJECT_CONVERSION = YES_AGGRESSIVE;
				CLANG_CXX_LANGUAGE_STANDARD = "gnu++14";
				CLANG_CXX_LIBRARY = "libc++";
				CLANG_ENABLE_MODULES = YES;
				CLANG_ENABLE_OBJC_ARC = YES;
				CLANG_ENABLE_OBJC_WEAK = YES;
				CLANG_WARN_BLOCK_CAPTURE_AUTORELEASING = YES;
				CLANG_WARN_BOOL_CONVERSION = YES;
				CLANG_WARN_COMMA = YES;
				CLANG_WARN_CONSTANT_CONVERSION = YES;
				CLANG_WARN_DEPRECATED_OBJC_IMPLEMENTATIONS = YES;
				CLANG_WARN_DIRECT_OBJC_ISA_USAGE = YES_ERROR;
				CLANG_WARN_DOCUMENTATION_COMMENTS = YES;
				CLANG_WARN_EMPTY_BODY = YES;
				CLANG_WARN_ENUM_CONVERSION = YES;
				CLANG_WARN_INFINITE_RECURSION = YES;
				CLANG_WARN_INT_CONVERSION = YES;
				CLANG_WARN_NON_LITERAL_NULL_CONVERSION = YES;
				CLANG_WARN_OBJC_IMPLICIT_RETAIN_SELF = YES;
				CLANG_WARN_OBJC_LITERAL_CONVERSION = YES;
				CLANG_WARN_OBJC_ROOT_CLASS = YES_ERROR;
				CLANG_WARN_QUOTED_INCLUDE_IN_FRAMEWORK_HEADER = YES;
				CLANG_WARN_RANGE_LOOP_ANALYSIS = YES;
				CLANG_WARN_STRICT_PROTOTYPES = YES;
				CLANG_WARN_SUSPICIOUS_MOVE = YES;
				CLANG_WARN_UNGUARDED_AVAILABILITY = YES_AGGRESSIVE;
				CLANG_WARN_UNREACHABLE_CODE = YES;
				CLANG_WARN__DUPLICATE_METHOD_MATCH = YES;
				COPY_PHASE_STRIP = NO;
				DEBUG_INFORMATION_FORMAT = dwarf;
				ENABLE_STRICT_OBJC_MSGSEND = YES;
				ENABLE_TESTABILITY = YES;
				GCC_C_LANGUAGE_STANDARD = gnu11;
				GCC_DYNAMIC_NO_PIC = NO;
				GCC_NO_COMMON_BLOCKS = YES;
				GCC_OPTIMIZATION_LEVEL = 0;
				GCC_PREPROCESSOR_DEFINITIONS = (
					"DEBUG=1",
					"$(inherited)",
				);
				GCC_WARN_64_TO_32_BIT_CONVERSION = YES;
				GCC_WARN_ABOUT_RETURN_TYPE = YES_ERROR;
				GCC_WARN_UNDECLARED_SELECTOR = YES;
				GCC_WARN_UNINITIALIZED_AUTOS = YES_AGGRESSIVE;
				GCC_WARN_UNUSED_FUNCTION = YES;
				GCC_WARN_UNUSED_VARIABLE = YES;
				IPHONEOS_DEPLOYMENT_TARGET = 14.2;
				MTL_ENABLE_DEBUG_INFO = INCLUDE_SOURCE;
				MTL_FAST_MATH = YES;
				ONLY_ACTIVE_ARCH = YES;
				SDKROOT = iphoneos;
				SWIFT_ACTIVE_COMPILATION_CONDITIONS = DEBUG;
				SWIFT_OPTIMIZATION_LEVEL = "-Onone";
			};
			name = Debug;
		};
		AA78C16825A575E500AFB3FE /* Release */ = {
			isa = XCBuildConfiguration;
			buildSettings = {
				ALWAYS_SEARCH_USER_PATHS = NO;
				CLANG_ANALYZER_NONNULL = YES;
				CLANG_ANALYZER_NUMBER_OBJECT_CONVERSION = YES_AGGRESSIVE;
				CLANG_CXX_LANGUAGE_STANDARD = "gnu++14";
				CLANG_CXX_LIBRARY = "libc++";
				CLANG_ENABLE_MODULES = YES;
				CLANG_ENABLE_OBJC_ARC = YES;
				CLANG_ENABLE_OBJC_WEAK = YES;
				CLANG_WARN_BLOCK_CAPTURE_AUTORELEASING = YES;
				CLANG_WARN_BOOL_CONVERSION = YES;
				CLANG_WARN_COMMA = YES;
				CLANG_WARN_CONSTANT_CONVERSION = YES;
				CLANG_WARN_DEPRECATED_OBJC_IMPLEMENTATIONS = YES;
				CLANG_WARN_DIRECT_OBJC_ISA_USAGE = YES_ERROR;
				CLANG_WARN_DOCUMENTATION_COMMENTS = YES;
				CLANG_WARN_EMPTY_BODY = YES;
				CLANG_WARN_ENUM_CONVERSION = YES;
				CLANG_WARN_INFINITE_RECURSION = YES;
				CLANG_WARN_INT_CONVERSION = YES;
				CLANG_WARN_NON_LITERAL_NULL_CONVERSION = YES;
				CLANG_WARN_OBJC_IMPLICIT_RETAIN_SELF = YES;
				CLANG_WARN_OBJC_LITERAL_CONVERSION = YES;
				CLANG_WARN_OBJC_ROOT_CLASS = YES_ERROR;
				CLANG_WARN_QUOTED_INCLUDE_IN_FRAMEWORK_HEADER = YES;
				CLANG_WARN_RANGE_LOOP_ANALYSIS = YES;
				CLANG_WARN_STRICT_PROTOTYPES = YES;
				CLANG_WARN_SUSPICIOUS_MOVE = YES;
				CLANG_WARN_UNGUARDED_AVAILABILITY = YES_AGGRESSIVE;
				CLANG_WARN_UNREACHABLE_CODE = YES;
				CLANG_WARN__DUPLICATE_METHOD_MATCH = YES;
				COPY_PHASE_STRIP = NO;
				DEBUG_INFORMATION_FORMAT = "dwarf-with-dsym";
				ENABLE_NS_ASSERTIONS = NO;
				ENABLE_STRICT_OBJC_MSGSEND = YES;
				GCC_C_LANGUAGE_STANDARD = gnu11;
				GCC_NO_COMMON_BLOCKS = YES;
				GCC_WARN_64_TO_32_BIT_CONVERSION = YES;
				GCC_WARN_ABOUT_RETURN_TYPE = YES_ERROR;
				GCC_WARN_UNDECLARED_SELECTOR = YES;
				GCC_WARN_UNINITIALIZED_AUTOS = YES_AGGRESSIVE;
				GCC_WARN_UNUSED_FUNCTION = YES;
				GCC_WARN_UNUSED_VARIABLE = YES;
				IPHONEOS_DEPLOYMENT_TARGET = 14.2;
				MTL_ENABLE_DEBUG_INFO = NO;
				MTL_FAST_MATH = YES;
				SDKROOT = iphoneos;
				SWIFT_COMPILATION_MODE = wholemodule;
				SWIFT_OPTIMIZATION_LEVEL = "-O";
				VALIDATE_PRODUCT = YES;
			};
			name = Release;
		};
		AA78C16A25A575E500AFB3FE /* Debug */ = {
			isa = XCBuildConfiguration;
			baseConfigurationReference = BBD17C33A2941779CC620FED /* Pods-klikfilm.debug.xcconfig */;
			buildSettings = {
				ASSETCATALOG_COMPILER_APPICON_NAME = AppIcon;
				ASSETCATALOG_COMPILER_GLOBAL_ACCENT_COLOR_NAME = AccentColor;
				CODE_SIGN_STYLE = Automatic;
				DEVELOPMENT_TEAM = VC83XAQ3UM;
				INFOPLIST_FILE = klikfilm/Info.plist;
				LD_RUNPATH_SEARCH_PATHS = (
					"$(inherited)",
					"@executable_path/Frameworks",
				);
				PRODUCT_BUNDLE_IDENTIFIER = com.ranggaleoo.klikfilm;
				PRODUCT_NAME = "$(TARGET_NAME)";
				SWIFT_VERSION = 5.0;
				TARGETED_DEVICE_FAMILY = "1,2";
			};
			name = Debug;
		};
		AA78C16B25A575E500AFB3FE /* Release */ = {
			isa = XCBuildConfiguration;
			baseConfigurationReference = 05EF8FF19DD3FCC2B1189758 /* Pods-klikfilm.release.xcconfig */;
			buildSettings = {
				ASSETCATALOG_COMPILER_APPICON_NAME = AppIcon;
				ASSETCATALOG_COMPILER_GLOBAL_ACCENT_COLOR_NAME = AccentColor;
				CODE_SIGN_STYLE = Automatic;
				DEVELOPMENT_TEAM = VC83XAQ3UM;
				INFOPLIST_FILE = klikfilm/Info.plist;
				LD_RUNPATH_SEARCH_PATHS = (
					"$(inherited)",
					"@executable_path/Frameworks",
				);
				PRODUCT_BUNDLE_IDENTIFIER = com.ranggaleoo.klikfilm;
				PRODUCT_NAME = "$(TARGET_NAME)";
				SWIFT_VERSION = 5.0;
				TARGETED_DEVICE_FAMILY = "1,2";
			};
			name = Release;
		};
/* End XCBuildConfiguration section */

/* Begin XCConfigurationList section */
		AA78C15025A575E400AFB3FE /* Build configuration list for PBXProject "klikfilm" */ = {
			isa = XCConfigurationList;
			buildConfigurations = (
				AA78C16725A575E500AFB3FE /* Debug */,
				AA78C16825A575E500AFB3FE /* Release */,
			);
			defaultConfigurationIsVisible = 0;
			defaultConfigurationName = Release;
		};
		AA78C16925A575E500AFB3FE /* Build configuration list for PBXNativeTarget "klikfilm" */ = {
			isa = XCConfigurationList;
			buildConfigurations = (
				AA78C16A25A575E500AFB3FE /* Debug */,
				AA78C16B25A575E500AFB3FE /* Release */,
			);
			defaultConfigurationIsVisible = 0;
			defaultConfigurationName = Release;
		};
/* End XCConfigurationList section */
	};
	rootObject = AA78C14D25A575E400AFB3FE /* Project object */;
}
