// !$*UTF8*$!
{
	archiveVersion = 1;
	classes = {
	};
	objectVersion = 51;
	objects = {

/* Begin PBXBuildFile section */
		A7942B3B270519B9E3FE3721 /* Pods_klikfilm.framework in Frameworks */ = {isa = PBXBuildFile; fileRef = 0FD9137FE8BA8CF41E1A51ED /* Pods_klikfilm.framework */; };
		AA78C15925A575E400AFB3FE /* AppDelegate.swift in Sources */ = {isa = PBXBuildFile; fileRef = AA78C15825A575E400AFB3FE /* AppDelegate.swift */; };
		AA78C15B25A575E400AFB3FE /* SceneDelegate.swift in Sources */ = {isa = PBXBuildFile; fileRef = AA78C15A25A575E400AFB3FE /* SceneDelegate.swift */; };
		AA78C16225A575E500AFB3FE /* Assets.xcassets in Resources */ = {isa = PBXBuildFile; fileRef = AA78C16125A575E500AFB3FE /* Assets.xcassets */; };
		AA78C16525A575E500AFB3FE /* LaunchScreen.storyboard in Resources */ = {isa = PBXBuildFile; fileRef = AA78C16325A575E500AFB3FE /* LaunchScreen.storyboard */; };
		AA78C19825A57A3A00AFB3FE /* DiscoverPresenter.swift in Sources */ = {isa = PBXBuildFile; fileRef = AA78C19225A57A3A00AFB3FE /* DiscoverPresenter.swift */; };
		AA78C19925A57A3A00AFB3FE /* DiscoverRouter.swift in Sources */ = {isa = PBXBuildFile; fileRef = AA78C19325A57A3A00AFB3FE /* DiscoverRouter.swift */; };
		AA78C19A25A57A3A00AFB3FE /* DiscoverProtocols.swift in Sources */ = {isa = PBXBuildFile; fileRef = AA78C19425A57A3A00AFB3FE /* DiscoverProtocols.swift */; };
		AA78C19B25A57A3A00AFB3FE /* DiscoverInteractor.swift in Sources */ = {isa = PBXBuildFile; fileRef = AA78C19525A57A3A00AFB3FE /* DiscoverInteractor.swift */; };
		AA78C19C25A57A3A00AFB3FE /* DiscoverView.swift in Sources */ = {isa = PBXBuildFile; fileRef = AA78C19625A57A3A00AFB3FE /* DiscoverView.swift */; };
		AA78C19D25A57A3A00AFB3FE /* DiscoverView.xib in Resources */ = {isa = PBXBuildFile; fileRef = AA78C19725A57A3A00AFB3FE /* DiscoverView.xib */; };
		AA78C1A125A57AA800AFB3FE /* CompositeAppDelegate.swift in Sources */ = {isa = PBXBuildFile; fileRef = AA78C1A025A57AA800AFB3FE /* CompositeAppDelegate.swift */; };
		AA78C1A425A57AB500AFB3FE /* AppDelegates.swift in Sources */ = {isa = PBXBuildFile; fileRef = AA78C1A325A57AB500AFB3FE /* AppDelegates.swift */; };
		AA78C1A725A57AC300AFB3FE /* CompositeSceneDelegate.swift in Sources */ = {isa = PBXBuildFile; fileRef = AA78C1A625A57AC300AFB3FE /* CompositeSceneDelegate.swift */; };
		AA78C1AA25A57ACE00AFB3FE /* SceneDelegates.swift in Sources */ = {isa = PBXBuildFile; fileRef = AA78C1A925A57ACE00AFB3FE /* SceneDelegates.swift */; };
		AA78C1AD25A57D1C00AFB3FE /* GoogleService-Info.plist in Resources */ = {isa = PBXBuildFile; fileRef = AA78C1AC25A57D1C00AFB3FE /* GoogleService-Info.plist */; };
		AA78C1C025A57DC400AFB3FE /* DiscoverPosterCell.swift in Sources */ = {isa = PBXBuildFile; fileRef = AA78C1BF25A57DC400AFB3FE /* DiscoverPosterCell.swift */; };
		AA78C1C425A57DD300AFB3FE /* DiscoverPosterCell.xib in Resources */ = {isa = PBXBuildFile; fileRef = AA78C1C325A57DD300AFB3FE /* DiscoverPosterCell.xib */; };
		AA78C1CF25A57FF000AFB3FE /* KFFont.swift in Sources */ = {isa = PBXBuildFile; fileRef = AA78C1CE25A57FF000AFB3FE /* KFFont.swift */; };
		AA78C1D325A57FFE00AFB3FE /* KFLabelTitle.swift in Sources */ = {isa = PBXBuildFile; fileRef = AA78C1D225A57FFE00AFB3FE /* KFLabelTitle.swift */; };
		AA78C1D625A5800A00AFB3FE /* KFLabelBody.swift in Sources */ = {isa = PBXBuildFile; fileRef = AA78C1D525A5800A00AFB3FE /* KFLabelBody.swift */; };
		AA78C1D925A5801600AFB3FE /* KFLabelNote.swift in Sources */ = {isa = PBXBuildFile; fileRef = AA78C1D825A5801600AFB3FE /* KFLabelNote.swift */; };
		AA78C1DC25A5802B00AFB3FE /* KFColor.swift in Sources */ = {isa = PBXBuildFile; fileRef = AA78C1DB25A5802B00AFB3FE /* KFColor.swift */; };
		AA78C1E025A5807200AFB3FE /* String+Ext.swift in Sources */ = {isa = PBXBuildFile; fileRef = AA78C1DF25A5807200AFB3FE /* String+Ext.swift */; };
		AA78C1E525A5877A00AFB3FE /* Localizable.swift in Sources */ = {isa = PBXBuildFile; fileRef = AA78C1E425A5877A00AFB3FE /* Localizable.swift */; };
		AA78C1E925A5878800AFB3FE /* LocalizableDelegate.swift in Sources */ = {isa = PBXBuildFile; fileRef = AA78C1E825A5878800AFB3FE /* LocalizableDelegate.swift */; };
		AA78C1EC25A5879F00AFB3FE /* Localizable.strings in Resources */ = {isa = PBXBuildFile; fileRef = AA78C1EB25A5879F00AFB3FE /* Localizable.strings */; };
		AA78C1EF25A587FF00AFB3FE /* Debugger.swift in Sources */ = {isa = PBXBuildFile; fileRef = AA78C1EE25A587FF00AFB3FE /* Debugger.swift */; };
		AA78C1F225A5881D00AFB3FE /* Identifier.swift in Sources */ = {isa = PBXBuildFile; fileRef = AA78C1F125A5881D00AFB3FE /* Identifier.swift */; };
		AA78C1F525A5885200AFB3FE /* UIimage+Ext.swift in Sources */ = {isa = PBXBuildFile; fileRef = AA78C1F425A5885200AFB3FE /* UIimage+Ext.swift */; };
		AA78C1FB25A58A0500AFB3FE /* HTTPRequest.swift in Sources */ = {isa = PBXBuildFile; fileRef = AA78C1FA25A58A0500AFB3FE /* HTTPRequest.swift */; };
		AA78C1FE25A58A7800AFB3FE /* HTTPRequestHeader.swift in Sources */ = {isa = PBXBuildFile; fileRef = AA78C1FD25A58A7800AFB3FE /* HTTPRequestHeader.swift */; };
		AA78C20125A58AAB00AFB3FE /* HTTPRequestMethod.swift in Sources */ = {isa = PBXBuildFile; fileRef = AA78C20025A58AAB00AFB3FE /* HTTPRequestMethod.swift */; };
		AA78C20525A58B2100AFB3FE /* Constant.swift in Sources */ = {isa = PBXBuildFile; fileRef = AA78C20425A58B2100AFB3FE /* Constant.swift */; };
		AA78C20A25A58BB400AFB3FE /* MovieWorker.swift in Sources */ = {isa = PBXBuildFile; fileRef = AA78C20925A58BB400AFB3FE /* MovieWorker.swift */; };
		AA78C21E25A590B500AFB3FE /* Model.swift in Sources */ = {isa = PBXBuildFile; fileRef = AA78C21D25A590B500AFB3FE /* Model.swift */; };
		AA78C22125A591DE00AFB3FE /* UIViewController+Ext.swift in Sources */ = {isa = PBXBuildFile; fileRef = AA78C22025A591DE00AFB3FE /* UIViewController+Ext.swift */; };
/* End PBXBuildFile section */

/* Begin PBXFileReference section */
		05EF8FF19DD3FCC2B1189758 /* Pods-klikfilm.release.xcconfig */ = {isa = PBXFileReference; includeInIndex = 1; lastKnownFileType = text.xcconfig; name = "Pods-klikfilm.release.xcconfig"; path = "Target Support Files/Pods-klikfilm/Pods-klikfilm.release.xcconfig"; sourceTree = "<group>"; };
		0FD9137FE8BA8CF41E1A51ED /* Pods_klikfilm.framework */ = {isa = PBXFileReference; explicitFileType = wrapper.framework; includeInIndex = 0; path = Pods_klikfilm.framework; sourceTree = BUILT_PRODUCTS_DIR; };
		AA78C15525A575E400AFB3FE /* klikfilm.app */ = {isa = PBXFileReference; explicitFileType = wrapper.application; includeInIndex = 0; path = klikfilm.app; sourceTree = BUILT_PRODUCTS_DIR; };
		AA78C15825A575E400AFB3FE /* AppDelegate.swift */ = {isa = PBXFileReference; lastKnownFileType = sourcecode.swift; path = AppDelegate.swift; sourceTree = "<group>"; };
		AA78C15A25A575E400AFB3FE /* SceneDelegate.swift */ = {isa = PBXFileReference; lastKnownFileType = sourcecode.swift; path = SceneDelegate.swift; sourceTree = "<group>"; };
		AA78C16125A575E500AFB3FE /* Assets.xcassets */ = {isa = PBXFileReference; lastKnownFileType = folder.assetcatalog; path = Assets.xcassets; sourceTree = "<group>"; };
		AA78C16425A575E500AFB3FE /* Base */ = {isa = PBXFileReference; lastKnownFileType = file.storyboard; name = Base; path = Base.lproj/LaunchScreen.storyboard; sourceTree = "<group>"; };
		AA78C16625A575E500AFB3FE /* Info.plist */ = {isa = PBXFileReference; lastKnownFileType = text.plist.xml; path = Info.plist; sourceTree = "<group>"; };
		AA78C19225A57A3A00AFB3FE /* DiscoverPresenter.swift */ = {isa = PBXFileReference; lastKnownFileType = sourcecode.swift; path = DiscoverPresenter.swift; sourceTree = "<group>"; };
		AA78C19325A57A3A00AFB3FE /* DiscoverRouter.swift */ = {isa = PBXFileReference; lastKnownFileType = sourcecode.swift; path = DiscoverRouter.swift; sourceTree = "<group>"; };
		AA78C19425A57A3A00AFB3FE /* DiscoverProtocols.swift */ = {isa = PBXFileReference; lastKnownFileType = sourcecode.swift; path = DiscoverProtocols.swift; sourceTree = "<group>"; };
		AA78C19525A57A3A00AFB3FE /* DiscoverInteractor.swift */ = {isa = PBXFileReference; lastKnownFileType = sourcecode.swift; path = DiscoverInteractor.swift; sourceTree = "<group>"; };
		AA78C19625A57A3A00AFB3FE /* DiscoverView.swift */ = {isa = PBXFileReference; lastKnownFileType = sourcecode.swift; path = DiscoverView.swift; sourceTree = "<group>"; };
		AA78C19725A57A3A00AFB3FE /* DiscoverView.xib */ = {isa = PBXFileReference; lastKnownFileType = file.xib; path = DiscoverView.xib; sourceTree = "<group>"; };
		AA78C1A025A57AA800AFB3FE /* CompositeAppDelegate.swift */ = {isa = PBXFileReference; lastKnownFileType = sourcecode.swift; path = CompositeAppDelegate.swift; sourceTree = "<group>"; };
		AA78C1A325A57AB500AFB3FE /* AppDelegates.swift */ = {isa = PBXFileReference; lastKnownFileType = sourcecode.swift; path = AppDelegates.swift; sourceTree = "<group>"; };
		AA78C1A625A57AC300AFB3FE /* CompositeSceneDelegate.swift */ = {isa = PBXFileReference; lastKnownFileType = sourcecode.swift; path = CompositeSceneDelegate.swift; sourceTree = "<group>"; };
		AA78C1A925A57ACE00AFB3FE /* SceneDelegates.swift */ = {isa = PBXFileReference; lastKnownFileType = sourcecode.swift; path = SceneDelegates.swift; sourceTree = "<group>"; };
		AA78C1AC25A57D1C00AFB3FE /* GoogleService-Info.plist */ = {isa = PBXFileReference; fileEncoding = 4; lastKnownFileType = text.plist.xml; path = "GoogleService-Info.plist"; sourceTree = "<group>"; };
		AA78C1BF25A57DC400AFB3FE /* DiscoverPosterCell.swift */ = {isa = PBXFileReference; lastKnownFileType = sourcecode.swift; path = DiscoverPosterCell.swift; sourceTree = "<group>"; };
		AA78C1C325A57DD300AFB3FE /* DiscoverPosterCell.xib */ = {isa = PBXFileReference; lastKnownFileType = file.xib; path = DiscoverPosterCell.xib; sourceTree = "<group>"; };
		AA78C1CE25A57FF000AFB3FE /* KFFont.swift */ = {isa = PBXFileReference; lastKnownFileType = sourcecode.swift; path = KFFont.swift; sourceTree = "<group>"; };
		AA78C1D225A57FFE00AFB3FE /* KFLabelTitle.swift */ = {isa = PBXFileReference; lastKnownFileType = sourcecode.swift; path = KFLabelTitle.swift; sourceTree = "<group>"; };
		AA78C1D525A5800A00AFB3FE /* KFLabelBody.swift */ = {isa = PBXFileReference; lastKnownFileType = sourcecode.swift; path = KFLabelBody.swift; sourceTree = "<group>"; };
		AA78C1D825A5801600AFB3FE /* KFLabelNote.swift */ = {isa = PBXFileReference; lastKnownFileType = sourcecode.swift; path = KFLabelNote.swift; sourceTree = "<group>"; };
		AA78C1DB25A5802B00AFB3FE /* KFColor.swift */ = {isa = PBXFileReference; lastKnownFileType = sourcecode.swift; path = KFColor.swift; sourceTree = "<group>"; };
		AA78C1DF25A5807200AFB3FE /* String+Ext.swift */ = {isa = PBXFileReference; lastKnownFileType = sourcecode.swift; path = "String+Ext.swift"; sourceTree = "<group>"; };
		AA78C1E425A5877A00AFB3FE /* Localizable.swift */ = {isa = PBXFileReference; lastKnownFileType = sourcecode.swift; path = Localizable.swift; sourceTree = "<group>"; };
		AA78C1E825A5878800AFB3FE /* LocalizableDelegate.swift */ = {isa = PBXFileReference; lastKnownFileType = sourcecode.swift; path = LocalizableDelegate.swift; sourceTree = "<group>"; };
		AA78C1EB25A5879F00AFB3FE /* Localizable.strings */ = {isa = PBXFileReference; lastKnownFileType = text.plist.strings; path = Localizable.strings; sourceTree = "<group>"; };
		AA78C1EE25A587FF00AFB3FE /* Debugger.swift */ = {isa = PBXFileReference; lastKnownFileType = sourcecode.swift; path = Debugger.swift; sourceTree = "<group>"; };
		AA78C1F125A5881D00AFB3FE /* Identifier.swift */ = {isa = PBXFileReference; lastKnownFileType = sourcecode.swift; path = Identifier.swift; sourceTree = "<group>"; };
		AA78C1F425A5885200AFB3FE /* UIimage+Ext.swift */ = {isa = PBXFileReference; lastKnownFileType = sourcecode.swift; path = "UIimage+Ext.swift"; sourceTree = "<group>"; };
		AA78C1FA25A58A0500AFB3FE /* HTTPRequest.swift */ = {isa = PBXFileReference; lastKnownFileType = sourcecode.swift; path = HTTPRequest.swift; sourceTree = "<group>"; };
		AA78C1FD25A58A7800AFB3FE /* HTTPRequestHeader.swift */ = {isa = PBXFileReference; lastKnownFileType = sourcecode.swift; path = HTTPRequestHeader.swift; sourceTree = "<group>"; };
		AA78C20025A58AAB00AFB3FE /* HTTPRequestMethod.swift */ = {isa = PBXFileReference; lastKnownFileType = sourcecode.swift; path = HTTPRequestMethod.swift; sourceTree = "<group>"; };
		AA78C20425A58B2100AFB3FE /* Constant.swift */ = {isa = PBXFileReference; lastKnownFileType = sourcecode.swift; path = Constant.swift; sourceTree = "<group>"; };
		AA78C20925A58BB400AFB3FE /* MovieWorker.swift */ = {isa = PBXFileReference; lastKnownFileType = sourcecode.swift; path = MovieWorker.swift; sourceTree = "<group>"; };
		AA78C21D25A590B500AFB3FE /* Model.swift */ = {isa = PBXFileReference; lastKnownFileType = sourcecode.swift; path = Model.swift; sourceTree = "<group>"; };
		AA78C22025A591DE00AFB3FE /* UIViewController+Ext.swift */ = {isa = PBXFileReference; lastKnownFileType = sourcecode.swift; path = "UIViewController+Ext.swift"; sourceTree = "<group>"; };
		BBD17C33A2941779CC620FED /* Pods-klikfilm.debug.xcconfig */ = {isa = PBXFileReference; includeInIndex = 1; lastKnownFileType = text.xcconfig; name = "Pods-klikfilm.debug.xcconfig"; path = "Target Support Files/Pods-klikfilm/Pods-klikfilm.debug.xcconfig"; sourceTree = "<group>"; };
/* End PBXFileReference section */

/* Begin PBXFrameworksBuildPhase section */
		AA78C15225A575E400AFB3FE /* Frameworks */ = {
			isa = PBXFrameworksBuildPhase;
			buildActionMask = 2147483647;
			files = (
				A7942B3B270519B9E3FE3721 /* Pods_klikfilm.framework in Frameworks */,
			);
			runOnlyForDeploymentPostprocessing = 0;
		};
/* End PBXFrameworksBuildPhase section */

/* Begin PBXGroup section */
		AA78C14C25A575E400AFB3FE = {
			isa = PBXGroup;
			children = (
				AA78C15725A575E400AFB3FE /* klikfilm */,
				AA78C15625A575E400AFB3FE /* Products */,
				EB6D9DBF1C394D726290CDCF /* Pods */,
				B942BD8A21089299A6D99B60 /* Frameworks */,
			);
			sourceTree = "<group>";
		};
		AA78C15625A575E400AFB3FE /* Products */ = {
			isa = PBXGroup;
			children = (
				AA78C15525A575E400AFB3FE /* klikfilm.app */,
			);
			name = Products;
			sourceTree = "<group>";
		};
		AA78C15725A575E400AFB3FE /* klikfilm */ = {
			isa = PBXGroup;
			children = (
				AA78C20725A58B8200AFB3FE /* app-worker */,
				AA78C20325A58B1100AFB3FE /* app-settings */,
				AA78C1F825A588A000AFB3FE /* app-helper */,
				AA78C1E225A5875D00AFB3FE /* app-common */,
				AA78C1DE25A5806000AFB3FE /* app-extensions */,
				AA78C1CA25A57FA800AFB3FE /* app-template */,
				AA78C19025A579FC00AFB3FE /* app-feature */,
				AA78C18D25A5788100AFB3FE /* app-metadata */,
				AA78C18C25A5786A00AFB3FE /* app-cycle */,
				AA78C16625A575E500AFB3FE /* Info.plist */,
			);
			path = klikfilm;
			sourceTree = "<group>";
		};
		AA78C18C25A5786A00AFB3FE /* app-cycle */ = {
			isa = PBXGroup;
			children = (
				AA78C19F25A57A8500AFB3FE /* Composite */,
				AA78C15825A575E400AFB3FE /* AppDelegate.swift */,
				AA78C15A25A575E400AFB3FE /* SceneDelegate.swift */,
			);
			path = "app-cycle";
			sourceTree = "<group>";
		};
		AA78C18D25A5788100AFB3FE /* app-metadata */ = {
			isa = PBXGroup;
			children = (
				AA78C1AC25A57D1C00AFB3FE /* GoogleService-Info.plist */,
				AA78C16125A575E500AFB3FE /* Assets.xcassets */,
				AA78C16325A575E500AFB3FE /* LaunchScreen.storyboard */,
			);
			path = "app-metadata";
			sourceTree = "<group>";
		};
		AA78C19025A579FC00AFB3FE /* app-feature */ = {
			isa = PBXGroup;
			children = (
				AA78C19125A57A1900AFB3FE /* feature-discover */,
			);
			path = "app-feature";
			sourceTree = "<group>";
		};
		AA78C19125A57A1900AFB3FE /* feature-discover */ = {
			isa = PBXGroup;
			children = (
				AA78C1BE25A57DB500AFB3FE /* Cell */,
				AA78C19225A57A3A00AFB3FE /* DiscoverPresenter.swift */,
				AA78C19325A57A3A00AFB3FE /* DiscoverRouter.swift */,
				AA78C19425A57A3A00AFB3FE /* DiscoverProtocols.swift */,
				AA78C19525A57A3A00AFB3FE /* DiscoverInteractor.swift */,
				AA78C19625A57A3A00AFB3FE /* DiscoverView.swift */,
				AA78C19725A57A3A00AFB3FE /* DiscoverView.xib */,
			);
			path = "feature-discover";
			sourceTree = "<group>";
		};
		AA78C19F25A57A8500AFB3FE /* Composite */ = {
			isa = PBXGroup;
			children = (
				AA78C1A025A57AA800AFB3FE /* CompositeAppDelegate.swift */,
				AA78C1A325A57AB500AFB3FE /* AppDelegates.swift */,
				AA78C1A625A57AC300AFB3FE /* CompositeSceneDelegate.swift */,
				AA78C1A925A57ACE00AFB3FE /* SceneDelegates.swift */,
			);
			path = Composite;
			sourceTree = "<group>";
		};
		AA78C1BE25A57DB500AFB3FE /* Cell */ = {
			isa = PBXGroup;
			children = (
				AA78C1BF25A57DC400AFB3FE /* DiscoverPosterCell.swift */,
				AA78C1C325A57DD300AFB3FE /* DiscoverPosterCell.xib */,
			);
			path = Cell;
			sourceTree = "<group>";
		};
		AA78C1CA25A57FA800AFB3FE /* app-template */ = {
			isa = PBXGroup;
			children = (
				AA78C1CD25A57FDB00AFB3FE /* KFFont */,
				AA78C1CC25A57FCF00AFB3FE /* KFLabel */,
				AA78C1CB25A57FC400AFB3FE /* KFColor */,
			);
			path = "app-template";
			sourceTree = "<group>";
		};
		AA78C1CB25A57FC400AFB3FE /* KFColor */ = {
			isa = PBXGroup;
			children = (
				AA78C1DB25A5802B00AFB3FE /* KFColor.swift */,
			);
			path = KFColor;
			sourceTree = "<group>";
		};
		AA78C1CC25A57FCF00AFB3FE /* KFLabel */ = {
			isa = PBXGroup;
			children = (
				AA78C1D225A57FFE00AFB3FE /* KFLabelTitle.swift */,
				AA78C1D525A5800A00AFB3FE /* KFLabelBody.swift */,
				AA78C1D825A5801600AFB3FE /* KFLabelNote.swift */,
			);
			path = KFLabel;
			sourceTree = "<group>";
		};
		AA78C1CD25A57FDB00AFB3FE /* KFFont */ = {
			isa = PBXGroup;
			children = (
				AA78C1CE25A57FF000AFB3FE /* KFFont.swift */,
			);
			path = KFFont;
			sourceTree = "<group>";
		};
		AA78C1DE25A5806000AFB3FE /* app-extensions */ = {
			isa = PBXGroup;
			children = (
				AA78C1DF25A5807200AFB3FE /* String+Ext.swift */,
				AA78C1F425A5885200AFB3FE /* UIimage+Ext.swift */,
				AA78C22025A591DE00AFB3FE /* UIViewController+Ext.swift */,
			);
			path = "app-extensions";
			sourceTree = "<group>";
		};
		AA78C1E225A5875D00AFB3FE /* app-common */ = {
			isa = PBXGroup;
			children = (
				AA78C1E325A5876800AFB3FE /* Localize */,
				AA78C1EE25A587FF00AFB3FE /* Debugger.swift */,
				AA78C1F125A5881D00AFB3FE /* Identifier.swift */,
			);
			path = "app-common";
			sourceTree = "<group>";
		};
		AA78C1E325A5876800AFB3FE /* Localize */ = {
			isa = PBXGroup;
			children = (
				AA78C1E425A5877A00AFB3FE /* Localizable.swift */,
				AA78C1E825A5878800AFB3FE /* LocalizableDelegate.swift */,
				AA78C1EB25A5879F00AFB3FE /* Localizable.strings */,
			);
			path = Localize;
			sourceTree = "<group>";
		};
		AA78C1F825A588A000AFB3FE /* app-helper */ = {
			isa = PBXGroup;
			children = (
				AA78C1F925A588A700AFB3FE /* HTTPRequest */,
			);
			path = "app-helper";
			sourceTree = "<group>";
		};
		AA78C1F925A588A700AFB3FE /* HTTPRequest */ = {
			isa = PBXGroup;
			children = (
				AA78C1FA25A58A0500AFB3FE /* HTTPRequest.swift */,
				AA78C1FD25A58A7800AFB3FE /* HTTPRequestHeader.swift */,
				AA78C20025A58AAB00AFB3FE /* HTTPRequestMethod.swift */,
			);
			path = HTTPRequest;
			sourceTree = "<group>";
		};
		AA78C20325A58B1100AFB3FE /* app-settings */ = {
			isa = PBXGroup;
			children = (
				AA78C20425A58B2100AFB3FE /* Constant.swift */,
			);
			path = "app-settings";
			sourceTree = "<group>";
		};
		AA78C20725A58B8200AFB3FE /* app-worker */ = {
			isa = PBXGroup;
			children = (
				AA78C20825A58B9500AFB3FE /* worker-movie */,
			);
			path = "app-worker";
			sourceTree = "<group>";
		};
		AA78C20825A58B9500AFB3FE /* worker-movie */ = {
			isa = PBXGroup;
			children = (
				AA78C20925A58BB400AFB3FE /* MovieWorker.swift */,
				AA78C21D25A590B500AFB3FE /* Model.swift */,
			);
			path = "worker-movie";
			sourceTree = "<group>";
		};
		B942BD8A21089299A6D99B60 /* Frameworks */ = {
			isa = PBXGroup;
			children = (
				0FD9137FE8BA8CF41E1A51ED /* Pods_klikfilm.framework */,
			);
			name = Frameworks;
			sourceTree = "<group>";
		};
		EB6D9DBF1C394D726290CDCF /* Pods */ = {
			isa = PBXGroup;
			children = (
				BBD17C33A2941779CC620FED /* Pods-klikfilm.debug.xcconfig */,
				05EF8FF19DD3FCC2B1189758 /* Pods-klikfilm.release.xcconfig */,
			);
			path = Pods;
			sourceTree = "<group>";
		};
/* End PBXGroup section */

/* Begin PBXNativeTarget section */
		AA78C15425A575E400AFB3FE /* klikfilm */ = {
			isa = PBXNativeTarget;
			buildConfigurationList = AA78C16925A575E500AFB3FE /* Build configuration list for PBXNativeTarget "klikfilm" */;
			buildPhases = (
				315E51B7616CA3C6AAD970F3 /* [CP] Check Pods Manifest.lock */,
				AA78C15125A575E400AFB3FE /* Sources */,
				AA78C15225A575E400AFB3FE /* Frameworks */,
				AA78C15325A575E400AFB3FE /* Resources */,
				B178BDC84B3B10C52CC2C6D5 /* [CP] Embed Pods Frameworks */,
			);
			buildRules = (
			);
			dependencies = (
			);
			name = klikfilm;
			productName = klikfilm;
			productReference = AA78C15525A575E400AFB3FE /* klikfilm.app */;
			productType = "com.apple.product-type.application";
		};
/* End PBXNativeTarget section */

/* Begin PBXProject section */
		AA78C14D25A575E400AFB3FE /* Project object */ = {
			isa = PBXProject;
			attributes = {
				LastSwiftUpdateCheck = 1220;
				LastUpgradeCheck = 1220;
				TargetAttributes = {
					AA78C15425A575E400AFB3FE = {
						CreatedOnToolsVersion = 12.2;
					};
				};
			};
			buildConfigurationList = AA78C15025A575E400AFB3FE /* Build configuration list for PBXProject "klikfilm" */;
			compatibilityVersion = "Xcode 9.3";
			developmentRegion = en;
			hasScannedForEncodings = 0;
			knownRegions = (
				en,
				Base,
			);
			mainGroup = AA78C14C25A575E400AFB3FE;
			productRefGroup = AA78C15625A575E400AFB3FE /* Products */;
			projectDirPath = "";
			projectRoot = "";
			targets = (
				AA78C15425A575E400AFB3FE /* klikfilm */,
			);
		};
/* End PBXProject section */

/* Begin PBXResourcesBuildPhase section */
		AA78C15325A575E400AFB3FE /* Resources */ = {
			isa = PBXResourcesBuildPhase;
			buildActionMask = 2147483647;
			files = (
				AA78C16525A575E500AFB3FE /* LaunchScreen.storyboard in Resources */,
				AA78C1EC25A5879F00AFB3FE /* Localizable.strings in Resources */,
				AA78C1AD25A57D1C00AFB3FE /* GoogleService-Info.plist in Resources */,
				AA78C1C425A57DD300AFB3FE /* DiscoverPosterCell.xib in Resources */,
				AA78C19D25A57A3A00AFB3FE /* DiscoverView.xib in Resources */,
				AA78C16225A575E500AFB3FE /* Assets.xcassets in Resources */,
			);
			runOnlyForDeploymentPostprocessing = 0;
		};
/* End PBXResourcesBuildPhase section */

/* Begin PBXShellScriptBuildPhase section */
		315E51B7616CA3C6AAD970F3 /* [CP] Check Pods Manifest.lock */ = {
			isa = PBXShellScriptBuildPhase;
			buildActionMask = 2147483647;
			files = (
			);
			inputFileListPaths = (
			);
			inputPaths = (
				"${PODS_PODFILE_DIR_PATH}/Podfile.lock",
				"${PODS_ROOT}/Manifest.lock",
			);
			name = "[CP] Check Pods Manifest.lock";
			outputFileListPaths = (
			);
			outputPaths = (
				"$(DERIVED_FILE_DIR)/Pods-klikfilm-checkManifestLockResult.txt",
			);
			runOnlyForDeploymentPostprocessing = 0;
			shellPath = /bin/sh;
			shellScript = "diff \"${PODS_PODFILE_DIR_PATH}/Podfile.lock\" \"${PODS_ROOT}/Manifest.lock\" > /dev/null\nif [ $? != 0 ] ; then\n    # print error to STDERR\n    echo \"error: The sandbox is not in sync with the Podfile.lock. Run 'pod install' or update your CocoaPods installation.\" >&2\n    exit 1\nfi\n# This output is used by Xcode 'outputs' to avoid re-running this script phase.\necho \"SUCCESS\" > \"${SCRIPT_OUTPUT_FILE_0}\"\n";
			showEnvVarsInLog = 0;
		};
		B178BDC84B3B10C52CC2C6D5 /* [CP] Embed Pods Frameworks */ = {
			isa = PBXShellScriptBuildPhase;
			buildActionMask = 2147483647;
			files = (
			);
			inputFileListPaths = (
				"${PODS_ROOT}/Target Support Files/Pods-klikfilm/Pods-klikfilm-frameworks-${CONFIGURATION}-input-files.xcfilelist",
			);
			name = "[CP] Embed Pods Frameworks";
			outputFileListPaths = (
				"${PODS_ROOT}/Target Support Files/Pods-klikfilm/Pods-klikfilm-frameworks-${CONFIGURATION}-output-files.xcfilelist",
			);
			runOnlyForDeploymentPostprocessing = 0;
			shellPath = /bin/sh;
			shellScript = "\"${PODS_ROOT}/Target Support Files/Pods-klikfilm/Pods-klikfilm-frameworks.sh\"\n";
			showEnvVarsInLog = 0;
		};
/* End PBXShellScriptBuildPhase section */

/* Begin PBXSourcesBuildPhase section */
		AA78C15125A575E400AFB3FE /* Sources */ = {
			isa = PBXSourcesBuildPhase;
			buildActionMask = 2147483647;
			files = (
				AA78C1E025A5807200AFB3FE /* String+Ext.swift in Sources */,
				AA78C15925A575E400AFB3FE /* AppDelegate.swift in Sources */,
				AA78C22125A591DE00AFB3FE /* UIViewController+Ext.swift in Sources */,
				AA78C19A25A57A3A00AFB3FE /* DiscoverProtocols.swift in Sources */,
				AA78C1A425A57AB500AFB3FE /* AppDelegates.swift in Sources */,
				AA78C1F225A5881D00AFB3FE /* Identifier.swift in Sources */,
				AA78C1D925A5801600AFB3FE /* KFLabelNote.swift in Sources */,
				AA78C20A25A58BB400AFB3FE /* MovieWorker.swift in Sources */,
				AA78C15B25A575E400AFB3FE /* SceneDelegate.swift in Sources */,
				AA78C19B25A57A3A00AFB3FE /* DiscoverInteractor.swift in Sources */,
				AA78C1A125A57AA800AFB3FE /* CompositeAppDelegate.swift in Sources */,
				AA78C1D625A5800A00AFB3FE /* KFLabelBody.swift in Sources */,
				AA78C1FE25A58A7800AFB3FE /* HTTPRequestHeader.swift in Sources */,
				AA78C1AA25A57ACE00AFB3FE /* SceneDelegates.swift in Sources */,
				AA78C1DC25A5802B00AFB3FE /* KFColor.swift in Sources */,
				AA78C1C025A57DC400AFB3FE /* DiscoverPosterCell.swift in Sources */,
				AA78C1F525A5885200AFB3FE /* UIimage+Ext.swift in Sources */,
				AA78C19C25A57A3A00AFB3FE /* DiscoverView.swift in Sources */,
				AA78C1E925A5878800AFB3FE /* LocalizableDelegate.swift in Sources */,
				AA78C1E525A5877A00AFB3FE /* Localizable.swift in Sources */,
				AA78C20125A58AAB00AFB3FE /* HTTPRequestMethod.swift in Sources */,
				AA78C1EF25A587FF00AFB3FE /* Debugger.swift in Sources */,
				AA78C20525A58B2100AFB3FE /* Constant.swift in Sources */,
				AA78C1A725A57AC300AFB3FE /* CompositeSceneDelegate.swift in Sources */,
				AA78C1D325A57FFE00AFB3FE /* KFLabelTitle.swift in Sources */,
				AA78C19825A57A3A00AFB3FE /* DiscoverPresenter.swift in Sources */,
				AA78C21E25A590B500AFB3FE /* Model.swift in Sources */,
				AA78C1FB25A58A0500AFB3FE /* HTTPRequest.swift in Sources */,
				AA78C1CF25A57FF000AFB3FE /* KFFont.swift in Sources */,
				AA78C19925A57A3A00AFB3FE /* DiscoverRouter.swift in Sources */,
			);
			runOnlyForDeploymentPostprocessing = 0;
		};
/* End PBXSourcesBuildPhase section */

/* Begin PBXVariantGroup section */
		AA78C16325A575E500AFB3FE /* LaunchScreen.storyboard */ = {
			isa = PBXVariantGroup;
			children = (
				AA78C16425A575E500AFB3FE /* Base */,
			);
			name = LaunchScreen.storyboard;
			sourceTree = "<group>";
		};
/* End PBXVariantGroup section */

/* Begin XCBuildConfiguration section */
		AA78C16725A575E500AFB3FE /* Debug */ = {
			isa = XCBuildConfiguration;
			buildSettings = {
				ALWAYS_SEARCH_USER_PATHS = NO;
				CLANG_ANALYZER_NONNULL = YES;
				CLANG_ANALYZER_NUMBER_OBJECT_CONVERSION = YES_AGGRESSIVE;
				CLANG_CXX_LANGUAGE_STANDARD = "gnu++14";
				CLANG_CXX_LIBRARY = "libc++";
				CLANG_ENABLE_MODULES = YES;
				CLANG_ENABLE_OBJC_ARC = YES;
				CLANG_ENABLE_OBJC_WEAK = YES;
				CLANG_WARN_BLOCK_CAPTURE_AUTORELEASING = YES;
				CLANG_WARN_BOOL_CONVERSION = YES;
				CLANG_WARN_COMMA = YES;
				CLANG_WARN_CONSTANT_CONVERSION = YES;
				CLANG_WARN_DEPRECATED_OBJC_IMPLEMENTATIONS = YES;
				CLANG_WARN_DIRECT_OBJC_ISA_USAGE = YES_ERROR;
				CLANG_WARN_DOCUMENTATION_COMMENTS = YES;
				CLANG_WARN_EMPTY_BODY = YES;
				CLANG_WARN_ENUM_CONVERSION = YES;
				CLANG_WARN_INFINITE_RECURSION = YES;
				CLANG_WARN_INT_CONVERSION = YES;
				CLANG_WARN_NON_LITERAL_NULL_CONVERSION = YES;
				CLANG_WARN_OBJC_IMPLICIT_RETAIN_SELF = YES;
				CLANG_WARN_OBJC_LITERAL_CONVERSION = YES;
				CLANG_WARN_OBJC_ROOT_CLASS = YES_ERROR;
				CLANG_WARN_QUOTED_INCLUDE_IN_FRAMEWORK_HEADER = YES;
				CLANG_WARN_RANGE_LOOP_ANALYSIS = YES;
				CLANG_WARN_STRICT_PROTOTYPES = YES;
				CLANG_WARN_SUSPICIOUS_MOVE = YES;
				CLANG_WARN_UNGUARDED_AVAILABILITY = YES_AGGRESSIVE;
				CLANG_WARN_UNREACHABLE_CODE = YES;
				CLANG_WARN__DUPLICATE_METHOD_MATCH = YES;
				COPY_PHASE_STRIP = NO;
				DEBUG_INFORMATION_FORMAT = dwarf;
				ENABLE_STRICT_OBJC_MSGSEND = YES;
				ENABLE_TESTABILITY = YES;
				GCC_C_LANGUAGE_STANDARD = gnu11;
				GCC_DYNAMIC_NO_PIC = NO;
				GCC_NO_COMMON_BLOCKS = YES;
				GCC_OPTIMIZATION_LEVEL = 0;
				GCC_PREPROCESSOR_DEFINITIONS = (
					"DEBUG=1",
					"$(inherited)",
				);
				GCC_WARN_64_TO_32_BIT_CONVERSION = YES;
				GCC_WARN_ABOUT_RETURN_TYPE = YES_ERROR;
				GCC_WARN_UNDECLARED_SELECTOR = YES;
				GCC_WARN_UNINITIALIZED_AUTOS = YES_AGGRESSIVE;
				GCC_WARN_UNUSED_FUNCTION = YES;
				GCC_WARN_UNUSED_VARIABLE = YES;
				IPHONEOS_DEPLOYMENT_TARGET = 14.2;
				MTL_ENABLE_DEBUG_INFO = INCLUDE_SOURCE;
				MTL_FAST_MATH = YES;
				ONLY_ACTIVE_ARCH = YES;
				SDKROOT = iphoneos;
				SWIFT_ACTIVE_COMPILATION_CONDITIONS = DEBUG;
				SWIFT_OPTIMIZATION_LEVEL = "-Onone";
			};
			name = Debug;
		};
		AA78C16825A575E500AFB3FE /* Release */ = {
			isa = XCBuildConfiguration;
			buildSettings = {
				ALWAYS_SEARCH_USER_PATHS = NO;
				CLANG_ANALYZER_NONNULL = YES;
				CLANG_ANALYZER_NUMBER_OBJECT_CONVERSION = YES_AGGRESSIVE;
				CLANG_CXX_LANGUAGE_STANDARD = "gnu++14";
				CLANG_CXX_LIBRARY = "libc++";
				CLANG_ENABLE_MODULES = YES;
				CLANG_ENABLE_OBJC_ARC = YES;
				CLANG_ENABLE_OBJC_WEAK = YES;
				CLANG_WARN_BLOCK_CAPTURE_AUTORELEASING = YES;
				CLANG_WARN_BOOL_CONVERSION = YES;
				CLANG_WARN_COMMA = YES;
				CLANG_WARN_CONSTANT_CONVERSION = YES;
				CLANG_WARN_DEPRECATED_OBJC_IMPLEMENTATIONS = YES;
				CLANG_WARN_DIRECT_OBJC_ISA_USAGE = YES_ERROR;
				CLANG_WARN_DOCUMENTATION_COMMENTS = YES;
				CLANG_WARN_EMPTY_BODY = YES;
				CLANG_WARN_ENUM_CONVERSION = YES;
				CLANG_WARN_INFINITE_RECURSION = YES;
				CLANG_WARN_INT_CONVERSION = YES;
				CLANG_WARN_NON_LITERAL_NULL_CONVERSION = YES;
				CLANG_WARN_OBJC_IMPLICIT_RETAIN_SELF = YES;
				CLANG_WARN_OBJC_LITERAL_CONVERSION = YES;
				CLANG_WARN_OBJC_ROOT_CLASS = YES_ERROR;
				CLANG_WARN_QUOTED_INCLUDE_IN_FRAMEWORK_HEADER = YES;
				CLANG_WARN_RANGE_LOOP_ANALYSIS = YES;
				CLANG_WARN_STRICT_PROTOTYPES = YES;
				CLANG_WARN_SUSPICIOUS_MOVE = YES;
				CLANG_WARN_UNGUARDED_AVAILABILITY = YES_AGGRESSIVE;
				CLANG_WARN_UNREACHABLE_CODE = YES;
				CLANG_WARN__DUPLICATE_METHOD_MATCH = YES;
				COPY_PHASE_STRIP = NO;
				DEBUG_INFORMATION_FORMAT = "dwarf-with-dsym";
				ENABLE_NS_ASSERTIONS = NO;
				ENABLE_STRICT_OBJC_MSGSEND = YES;
				GCC_C_LANGUAGE_STANDARD = gnu11;
				GCC_NO_COMMON_BLOCKS = YES;
				GCC_WARN_64_TO_32_BIT_CONVERSION = YES;
				GCC_WARN_ABOUT_RETURN_TYPE = YES_ERROR;
				GCC_WARN_UNDECLARED_SELECTOR = YES;
				GCC_WARN_UNINITIALIZED_AUTOS = YES_AGGRESSIVE;
				GCC_WARN_UNUSED_FUNCTION = YES;
				GCC_WARN_UNUSED_VARIABLE = YES;
				IPHONEOS_DEPLOYMENT_TARGET = 14.2;
				MTL_ENABLE_DEBUG_INFO = NO;
				MTL_FAST_MATH = YES;
				SDKROOT = iphoneos;
				SWIFT_COMPILATION_MODE = wholemodule;
				SWIFT_OPTIMIZATION_LEVEL = "-O";
				VALIDATE_PRODUCT = YES;
			};
			name = Release;
		};
		AA78C16A25A575E500AFB3FE /* Debug */ = {
			isa = XCBuildConfiguration;
			baseConfigurationReference = BBD17C33A2941779CC620FED /* Pods-klikfilm.debug.xcconfig */;
			buildSettings = {
				ASSETCATALOG_COMPILER_APPICON_NAME = AppIcon;
				ASSETCATALOG_COMPILER_GLOBAL_ACCENT_COLOR_NAME = AccentColor;
				CODE_SIGN_STYLE = Automatic;
				DEVELOPMENT_TEAM = VC83XAQ3UM;
				INFOPLIST_FILE = klikfilm/Info.plist;
				IPHONEOS_DEPLOYMENT_TARGET = 11.0;
				LD_RUNPATH_SEARCH_PATHS = (
					"$(inherited)",
					"@executable_path/Frameworks",
				);
				MARKETING_VERSION = 1.0.1;
				PRODUCT_BUNDLE_IDENTIFIER = com.ranggaleoo.klikfilm;
				PRODUCT_NAME = "$(TARGET_NAME)";
				SWIFT_VERSION = 5.0;
				TARGETED_DEVICE_FAMILY = "1,2";
			};
			name = Debug;
		};
		AA78C16B25A575E500AFB3FE /* Release */ = {
			isa = XCBuildConfiguration;
			baseConfigurationReference = 05EF8FF19DD3FCC2B1189758 /* Pods-klikfilm.release.xcconfig */;
			buildSettings = {
				ASSETCATALOG_COMPILER_APPICON_NAME = AppIcon;
				ASSETCATALOG_COMPILER_GLOBAL_ACCENT_COLOR_NAME = AccentColor;
				CODE_SIGN_STYLE = Automatic;
				DEVELOPMENT_TEAM = VC83XAQ3UM;
				INFOPLIST_FILE = klikfilm/Info.plist;
				IPHONEOS_DEPLOYMENT_TARGET = 11.0;
				LD_RUNPATH_SEARCH_PATHS = (
					"$(inherited)",
					"@executable_path/Frameworks",
				);
				MARKETING_VERSION = 1.0.1;
				PRODUCT_BUNDLE_IDENTIFIER = com.ranggaleoo.klikfilm;
				PRODUCT_NAME = "$(TARGET_NAME)";
				SWIFT_VERSION = 5.0;
				TARGETED_DEVICE_FAMILY = "1,2";
			};
			name = Release;
		};
/* End XCBuildConfiguration section */

/* Begin XCConfigurationList section */
		AA78C15025A575E400AFB3FE /* Build configuration list for PBXProject "klikfilm" */ = {
			isa = XCConfigurationList;
			buildConfigurations = (
				AA78C16725A575E500AFB3FE /* Debug */,
				AA78C16825A575E500AFB3FE /* Release */,
			);
			defaultConfigurationIsVisible = 0;
			defaultConfigurationName = Release;
		};
		AA78C16925A575E500AFB3FE /* Build configuration list for PBXNativeTarget "klikfilm" */ = {
			isa = XCConfigurationList;
			buildConfigurations = (
				AA78C16A25A575E500AFB3FE /* Debug */,
				AA78C16B25A575E500AFB3FE /* Release */,
			);
			defaultConfigurationIsVisible = 0;
			defaultConfigurationName = Release;
		};
/* End XCConfigurationList section */
	};
	rootObject = AA78C14D25A575E400AFB3FE /* Project object */;
}
